
Microsoft Visual Studio Solution File, Format Version 12.00
# Visual Studio Version 16
VisualStudioVersion = 16.0.29326.143
MinimumVisualStudioVersion = 10.0.40219.1
Project("{9A19103F-16F7-4668-BE54-9A1E7A4F7556}") = "Assignment 3 Simple REST Service", "Assignment 3 Simple REST Service\Assignment 3 Simple REST Service.csproj", "{A0192779-0DA6-4424-8BEE-E57A6E597A37}"
EndProject
Project("{9A19103F-16F7-4668-BE54-9A1E7A4F7556}") = "BookLib", "..\BookLib\BookLib\BookLib.csproj", "{1AE6017F-6E50-42FE-95A2-EE62FDFB9C61}"
EndProject
Project("{9A19103F-16F7-4668-BE54-9A1E7A4F7556}") = "LibUnitTest", "..\BookLib\LibUnitTest\LibUnitTest.csproj", "{D1D1039E-300F-4BD4-A750-956C4178F568}"
EndProject
Project("{FAE04EC0-301F-11D3-BF4B-00C04F79EFBC}") = "TCP Server", "TCP Server\TCP Server.csproj", "{AF14C333-F1FC-48B2-8D7E-46FC411E8865}"
EndProject
Project("{FAE04EC0-301F-11D3-BF4B-00C04F79EFBC}") = "TcpClient", "TcpClient\TcpClient.csproj", "{3E51C45E-D877-4D9A-9960-99E13CB42944}"
EndProject
Global
	GlobalSection(SolutionConfigurationPlatforms) = preSolution
		Debug|Any CPU = Debug|Any CPU
		Release|Any CPU = Release|Any CPU
	EndGlobalSection
	GlobalSection(ProjectConfigurationPlatforms) = postSolution
		{A0192779-0DA6-4424-8BEE-E57A6E597A37}.Debug|Any CPU.ActiveCfg = Debug|Any CPU
		{A0192779-0DA6-4424-8BEE-E57A6E597A37}.Debug|Any CPU.Build.0 = Debug|Any CPU
		{A0192779-0DA6-4424-8BEE-E57A6E597A37}.Release|Any CPU.ActiveCfg = Release|Any CPU
		{A0192779-0DA6-4424-8BEE-E57A6E597A37}.Release|Any CPU.Build.0 = Release|Any CPU
		{1AE6017F-6E50-42FE-95A2-EE62FDFB9C61}.Debug|Any CPU.ActiveCfg = Debug|Any CPU
		{1AE6017F-6E50-42FE-95A2-EE62FDFB9C61}.Debug|Any CPU.Build.0 = Debug|Any CPU
		{1AE6017F-6E50-42FE-95A2-EE62FDFB9C61}.Release|Any CPU.ActiveCfg = Release|Any CPU
		{1AE6017F-6E50-42FE-95A2-EE62FDFB9C61}.Release|Any CPU.Build.0 = Release|Any CPU
		{D1D1039E-300F-4BD4-A750-956C4178F568}.Debug|Any CPU.ActiveCfg = Debug|Any CPU
		{D1D1039E-300F-4BD4-A750-956C4178F568}.Debug|Any CPU.Build.0 = Debug|Any CPU
		{D1D1039E-300F-4BD4-A750-956C4178F568}.Release|Any CPU.ActiveCfg = Release|Any CPU
		{D1D1039E-300F-4BD4-A750-956C4178F568}.Release|Any CPU.Build.0 = Release|Any CPU
		{AF14C333-F1FC-48B2-8D7E-46FC411E8865}.Debug|Any CPU.ActiveCfg = Debug|Any CPU
		{AF14C333-F1FC-48B2-8D7E-46FC411E8865}.Debug|Any CPU.Build.0 = Debug|Any CPU
		{AF14C333-F1FC-48B2-8D7E-46FC411E8865}.Release|Any CPU.ActiveCfg = Release|Any CPU
		{AF14C333-F1FC-48B2-8D7E-46FC411E8865}.Release|Any CPU.Build.0 = Release|Any CPU
		{3E51C45E-D877-4D9A-9960-99E13CB42944}.Debug|Any CPU.ActiveCfg = Debug|Any CPU
		{3E51C45E-D877-4D9A-9960-99E13CB42944}.Debug|Any CPU.Build.0 = Debug|Any CPU
		{3E51C45E-D877-4D9A-9960-99E13CB42944}.Release|Any CPU.ActiveCfg = Release|Any CPU
		{3E51C45E-D877-4D9A-9960-99E13CB42944}.Release|Any CPU.Build.0 = Release|Any CPU
	EndGlobalSection
	GlobalSection(SolutionProperties) = preSolution
		HideSolutionNode = FALSE
	EndGlobalSection
	GlobalSection(ExtensibilityGlobals) = postSolution
		SolutionGuid = {2D6AA5EE-1364-48F4-86FB-19083F1A002E}
	EndGlobalSection
EndGlobal
